
Microsoft Visual Studio Solution File, Format Version 12.00
# Visual Studio Version 17
VisualStudioVersion = 17.6.33829.357
MinimumVisualStudioVersion = 10.0.40219.1
Project("{9A19103F-16F7-4668-BE54-9A1E7A4F7556}") = "BOOTLOADER", "BOOTLOADER.csproj", "{1BCE09D8-D8D6-45AD-AB5A-ADD577437FFE}"
EndProject
Project("{54435603-DBB4-11D2-8724-00A0C9A8B90C}") = "Update_Firmware", "..\Update_Firmware\Update_Firmware.vdproj", "{6E8AD956-27AB-482C-B789-90D99AFEC74F}"
EndProject
Global
	GlobalSection(SolutionConfigurationPlatforms) = preSolution
		Debug|Any CPU = Debug|Any CPU
		Release|Any CPU = Release|Any CPU
	EndGlobalSection
	GlobalSection(ProjectConfigurationPlatforms) = postSolution
		{1BCE09D8-D8D6-45AD-AB5A-ADD577437FFE}.Debug|Any CPU.ActiveCfg = Debug|Any CPU
		{1BCE09D8-D8D6-45AD-AB5A-ADD577437FFE}.Debug|Any CPU.Build.0 = Debug|Any CPU
		{1BCE09D8-D8D6-45AD-AB5A-ADD577437FFE}.Release|Any CPU.ActiveCfg = Release|Any CPU
		{1BCE09D8-D8D6-45AD-AB5A-ADD577437FFE}.Release|Any CPU.Build.0 = Release|Any CPU
		{6E8AD956-27AB-482C-B789-90D99AFEC74F}.Debug|Any CPU.ActiveCfg = Debug
		{6E8AD956-27AB-482C-B789-90D99AFEC74F}.Release|Any CPU.ActiveCfg = Release
	EndGlobalSection
	GlobalSection(SolutionProperties) = preSolution
		HideSolutionNode = FALSE
	EndGlobalSection
	GlobalSection(ExtensibilityGlobals) = postSolution
		SolutionGuid = {BA531653-2B7D-441E-A85B-010F8863A22A}
	EndGlobalSection
EndGlobal
